// !$*UTF8*$!
{
	archiveVersion = 1;
	classes = {
	};
	objectVersion = 55;
	objects = {

/* Begin PBXBuildFile section */
		1F0E8AF727DE83CB006BE458 /* CoffeeCell.swift in Sources */ = {isa = PBXBuildFile; fileRef = 1F0E8AF627DE83CB006BE458 /* CoffeeCell.swift */; };
		1F17611827F4CDF200C8E298 /* LoginViewController.swift in Sources */ = {isa = PBXBuildFile; fileRef = 1F17611727F4CDF200C8E298 /* LoginViewController.swift */; };
		1F17611A27F4E3F500C8E298 /* Address.swift in Sources */ = {isa = PBXBuildFile; fileRef = 1F17611927F4E3F500C8E298 /* Address.swift */; };
		1F2D13F227DD1D48006FECC5 /* AppDelegate.swift in Sources */ = {isa = PBXBuildFile; fileRef = 1F2D13F127DD1D48006FECC5 /* AppDelegate.swift */; };
		1F2D13F427DD1D48006FECC5 /* SceneDelegate.swift in Sources */ = {isa = PBXBuildFile; fileRef = 1F2D13F327DD1D48006FECC5 /* SceneDelegate.swift */; };
		1F2D13F627DD1D48006FECC5 /* ViewController.swift in Sources */ = {isa = PBXBuildFile; fileRef = 1F2D13F527DD1D48006FECC5 /* ViewController.swift */; };
		1F2D13FB27DD1D49006FECC5 /* Assets.xcassets in Resources */ = {isa = PBXBuildFile; fileRef = 1F2D13FA27DD1D49006FECC5 /* Assets.xcassets */; };
		1F2D13FE27DD1D49006FECC5 /* LaunchScreen.storyboard in Resources */ = {isa = PBXBuildFile; fileRef = 1F2D13FC27DD1D49006FECC5 /* LaunchScreen.storyboard */; };
		1F2D140627DD280A006FECC5 /* UIElements.swift in Sources */ = {isa = PBXBuildFile; fileRef = 1F2D140527DD280A006FECC5 /* UIElements.swift */; };
		1F421BF627E8E47A009C2D0B /* CoffeeDetailViewController.swift in Sources */ = {isa = PBXBuildFile; fileRef = 1F421BF527E8E47A009C2D0B /* CoffeeDetailViewController.swift */; };
		1F97FC6027F074470043A606 /* LocationViewController.swift in Sources */ = {isa = PBXBuildFile; fileRef = 1F97FC5F27F074470043A606 /* LocationViewController.swift */; };
		1F97FC6427F079520043A606 /* AddressCell.swift in Sources */ = {isa = PBXBuildFile; fileRef = 1F97FC6327F079520043A606 /* AddressCell.swift */; };
		1FB670D227F5D6C800A58F3A /* Networking.swift in Sources */ = {isa = PBXBuildFile; fileRef = 1FB670D127F5D6C800A58F3A /* Networking.swift */; };
		1FB670D427F5E71D00A58F3A /* RegisterViewController.swift in Sources */ = {isa = PBXBuildFile; fileRef = 1FB670D327F5E71D00A58F3A /* RegisterViewController.swift */; };
		1FD07BA527E4D4D000E92A3A /* Coffee.swift in Sources */ = {isa = PBXBuildFile; fileRef = 1FD07BA427E4D4D000E92A3A /* Coffee.swift */; };
		1FDE544027EF77C40024DC30 /* OrderModel.swift in Sources */ = {isa = PBXBuildFile; fileRef = 1FDE543F27EF77C40024DC30 /* OrderModel.swift */; };
		1FDE544327EF84400024DC30 /* BasketViewController.swift in Sources */ = {isa = PBXBuildFile; fileRef = 1FDE544227EF84400024DC30 /* BasketViewController.swift */; };
		1FDE544A27EF85C10024DC30 /* BasketCell.swift in Sources */ = {isa = PBXBuildFile; fileRef = 1FDE544927EF85C10024DC30 /* BasketCell.swift */; };
		210439FC2CD86A044F3C2763 /* Pods_coffee_app.framework in Frameworks */ = {isa = PBXBuildFile; fileRef = D3C4034693CF929462E200E4 /* Pods_coffee_app.framework */; };
/* End PBXBuildFile section */

/* Begin PBXFileReference section */
		07314ED6FCF293B40E572289 /* Pods-coffee-app.release.xcconfig */ = {isa = PBXFileReference; includeInIndex = 1; lastKnownFileType = text.xcconfig; name = "Pods-coffee-app.release.xcconfig"; path = "Target Support Files/Pods-coffee-app/Pods-coffee-app.release.xcconfig"; sourceTree = "<group>"; };
		1F0E8AF627DE83CB006BE458 /* CoffeeCell.swift */ = {isa = PBXFileReference; lastKnownFileType = sourcecode.swift; path = CoffeeCell.swift; sourceTree = "<group>"; };
		1F17611727F4CDF200C8E298 /* LoginViewController.swift */ = {isa = PBXFileReference; lastKnownFileType = sourcecode.swift; path = LoginViewController.swift; sourceTree = "<group>"; };
		1F17611927F4E3F500C8E298 /* Address.swift */ = {isa = PBXFileReference; lastKnownFileType = sourcecode.swift; path = Address.swift; sourceTree = "<group>"; };
		1F2D13EE27DD1D48006FECC5 /* coffee-app.app */ = {isa = PBXFileReference; explicitFileType = wrapper.application; includeInIndex = 0; path = "coffee-app.app"; sourceTree = BUILT_PRODUCTS_DIR; };
		1F2D13F127DD1D48006FECC5 /* AppDelegate.swift */ = {isa = PBXFileReference; lastKnownFileType = sourcecode.swift; path = AppDelegate.swift; sourceTree = "<group>"; };
		1F2D13F327DD1D48006FECC5 /* SceneDelegate.swift */ = {isa = PBXFileReference; lastKnownFileType = sourcecode.swift; path = SceneDelegate.swift; sourceTree = "<group>"; };
		1F2D13F527DD1D48006FECC5 /* ViewController.swift */ = {isa = PBXFileReference; lastKnownFileType = sourcecode.swift; path = ViewController.swift; sourceTree = "<group>"; };
		1F2D13FA27DD1D49006FECC5 /* Assets.xcassets */ = {isa = PBXFileReference; lastKnownFileType = folder.assetcatalog; path = Assets.xcassets; sourceTree = "<group>"; };
		1F2D13FD27DD1D49006FECC5 /* Base */ = {isa = PBXFileReference; lastKnownFileType = file.storyboard; name = Base; path = Base.lproj/LaunchScreen.storyboard; sourceTree = "<group>"; };
		1F2D13FF27DD1D49006FECC5 /* Info.plist */ = {isa = PBXFileReference; lastKnownFileType = text.plist.xml; path = Info.plist; sourceTree = "<group>"; };
		1F2D140527DD280A006FECC5 /* UIElements.swift */ = {isa = PBXFileReference; lastKnownFileType = sourcecode.swift; path = UIElements.swift; sourceTree = "<group>"; };
		1F421BF527E8E47A009C2D0B /* CoffeeDetailViewController.swift */ = {isa = PBXFileReference; lastKnownFileType = sourcecode.swift; path = CoffeeDetailViewController.swift; sourceTree = "<group>"; };
		1F97FC5F27F074470043A606 /* LocationViewController.swift */ = {isa = PBXFileReference; lastKnownFileType = sourcecode.swift; path = LocationViewController.swift; sourceTree = "<group>"; };
		1F97FC6327F079520043A606 /* AddressCell.swift */ = {isa = PBXFileReference; lastKnownFileType = sourcecode.swift; path = AddressCell.swift; sourceTree = "<group>"; };
		1FB670D127F5D6C800A58F3A /* Networking.swift */ = {isa = PBXFileReference; lastKnownFileType = sourcecode.swift; path = Networking.swift; sourceTree = "<group>"; };
		1FB670D327F5E71D00A58F3A /* RegisterViewController.swift */ = {isa = PBXFileReference; lastKnownFileType = sourcecode.swift; path = RegisterViewController.swift; sourceTree = "<group>"; };
		1FD07BA427E4D4D000E92A3A /* Coffee.swift */ = {isa = PBXFileReference; lastKnownFileType = sourcecode.swift; path = Coffee.swift; sourceTree = "<group>"; };
		1FDE543F27EF77C40024DC30 /* OrderModel.swift */ = {isa = PBXFileReference; lastKnownFileType = sourcecode.swift; path = OrderModel.swift; sourceTree = "<group>"; };
		1FDE544227EF84400024DC30 /* BasketViewController.swift */ = {isa = PBXFileReference; lastKnownFileType = sourcecode.swift; path = BasketViewController.swift; sourceTree = "<group>"; };
		1FDE544927EF85C10024DC30 /* BasketCell.swift */ = {isa = PBXFileReference; lastKnownFileType = sourcecode.swift; path = BasketCell.swift; sourceTree = "<group>"; };
		D3C4034693CF929462E200E4 /* Pods_coffee_app.framework */ = {isa = PBXFileReference; explicitFileType = wrapper.framework; includeInIndex = 0; path = Pods_coffee_app.framework; sourceTree = BUILT_PRODUCTS_DIR; };
		EA25D716E799AD545A9E6F88 /* Pods-coffee-app.debug.xcconfig */ = {isa = PBXFileReference; includeInIndex = 1; lastKnownFileType = text.xcconfig; name = "Pods-coffee-app.debug.xcconfig"; path = "Target Support Files/Pods-coffee-app/Pods-coffee-app.debug.xcconfig"; sourceTree = "<group>"; };
/* End PBXFileReference section */

/* Begin PBXFrameworksBuildPhase section */
		1F2D13EB27DD1D48006FECC5 /* Frameworks */ = {
			isa = PBXFrameworksBuildPhase;
			buildActionMask = 2147483647;
			files = (
				210439FC2CD86A044F3C2763 /* Pods_coffee_app.framework in Frameworks */,
			);
			runOnlyForDeploymentPostprocessing = 0;
		};
/* End PBXFrameworksBuildPhase section */

/* Begin PBXGroup section */
		1F2D13E527DD1D48006FECC5 = {
			isa = PBXGroup;
			children = (
				1F2D13F027DD1D48006FECC5 /* coffee-app */,
				1F2D13EF27DD1D48006FECC5 /* Products */,
				C681CE55E99310B413366C41 /* Pods */,
				A1CC49D14F310562EB9630F8 /* Frameworks */,
			);
			sourceTree = "<group>";
		};
		1F2D13EF27DD1D48006FECC5 /* Products */ = {
			isa = PBXGroup;
			children = (
				1F2D13EE27DD1D48006FECC5 /* coffee-app.app */,
			);
			name = Products;
			sourceTree = "<group>";
		};
		1F2D13F027DD1D48006FECC5 /* coffee-app */ = {
			isa = PBXGroup;
			children = (
				1FDE544827EF84C90024DC30 /* Cells */,
				1FDE544127EF77D30024DC30 /* Models */,
				1F2D13F127DD1D48006FECC5 /* AppDelegate.swift */,
				1F2D13F327DD1D48006FECC5 /* SceneDelegate.swift */,
				1F2D13F527DD1D48006FECC5 /* ViewController.swift */,
				1F2D13FA27DD1D49006FECC5 /* Assets.xcassets */,
				1F2D13FC27DD1D49006FECC5 /* LaunchScreen.storyboard */,
				1F2D13FF27DD1D49006FECC5 /* Info.plist */,
				1F2D140527DD280A006FECC5 /* UIElements.swift */,
				1F421BF527E8E47A009C2D0B /* CoffeeDetailViewController.swift */,
				1FDE544227EF84400024DC30 /* BasketViewController.swift */,
				1F97FC5F27F074470043A606 /* LocationViewController.swift */,
				1F17611727F4CDF200C8E298 /* LoginViewController.swift */,
				1FB670D327F5E71D00A58F3A /* RegisterViewController.swift */,
			);
			path = "coffee-app";
			sourceTree = "<group>";
		};
		1FDE544127EF77D30024DC30 /* Models */ = {
			isa = PBXGroup;
			children = (
				1FD07BA427E4D4D000E92A3A /* Coffee.swift */,
				1FDE543F27EF77C40024DC30 /* OrderModel.swift */,
				1F17611927F4E3F500C8E298 /* Address.swift */,
				1FB670D127F5D6C800A58F3A /* Networking.swift */,
			);
			path = Models;
			sourceTree = "<group>";
		};
		1FDE544827EF84C90024DC30 /* Cells */ = {
			isa = PBXGroup;
			children = (
				1F0E8AF627DE83CB006BE458 /* CoffeeCell.swift */,
				1FDE544927EF85C10024DC30 /* BasketCell.swift */,
				1F97FC6327F079520043A606 /* AddressCell.swift */,
			);
			path = Cells;
			sourceTree = "<group>";
		};
		A1CC49D14F310562EB9630F8 /* Frameworks */ = {
			isa = PBXGroup;
			children = (
				D3C4034693CF929462E200E4 /* Pods_coffee_app.framework */,
			);
			name = Frameworks;
			sourceTree = "<group>";
		};
		C681CE55E99310B413366C41 /* Pods */ = {
			isa = PBXGroup;
			children = (
				EA25D716E799AD545A9E6F88 /* Pods-coffee-app.debug.xcconfig */,
				07314ED6FCF293B40E572289 /* Pods-coffee-app.release.xcconfig */,
			);
			path = Pods;
			sourceTree = "<group>";
		};
/* End PBXGroup section */

/* Begin PBXNativeTarget section */
		1F2D13ED27DD1D48006FECC5 /* coffee-app */ = {
			isa = PBXNativeTarget;
			buildConfigurationList = 1F2D140227DD1D49006FECC5 /* Build configuration list for PBXNativeTarget "coffee-app" */;
			buildPhases = (
				A511780718EACEB0D314349B /* [CP] Check Pods Manifest.lock */,
				1F2D13EA27DD1D48006FECC5 /* Sources */,
				1F2D13EB27DD1D48006FECC5 /* Frameworks */,
				1F2D13EC27DD1D48006FECC5 /* Resources */,
				A37693B52BC4619C12E2EA5C /* [CP] Embed Pods Frameworks */,
			);
			buildRules = (
			);
			dependencies = (
			);
			name = "coffee-app";
			productName = "coffee-app";
			productReference = 1F2D13EE27DD1D48006FECC5 /* coffee-app.app */;
			productType = "com.apple.product-type.application";
		};
/* End PBXNativeTarget section */

/* Begin PBXProject section */
		1F2D13E627DD1D48006FECC5 /* Project object */ = {
			isa = PBXProject;
			attributes = {
				BuildIndependentTargetsInParallel = 1;
				LastSwiftUpdateCheck = 1300;
				LastUpgradeCheck = 1300;
				TargetAttributes = {
					1F2D13ED27DD1D48006FECC5 = {
						CreatedOnToolsVersion = 13.0;
					};
				};
			};
			buildConfigurationList = 1F2D13E927DD1D48006FECC5 /* Build configuration list for PBXProject "coffee-app" */;
			compatibilityVersion = "Xcode 13.0";
			developmentRegion = en;
			hasScannedForEncodings = 0;
			knownRegions = (
				en,
				Base,
			);
			mainGroup = 1F2D13E527DD1D48006FECC5;
			productRefGroup = 1F2D13EF27DD1D48006FECC5 /* Products */;
			projectDirPath = "";
			projectRoot = "";
			targets = (
				1F2D13ED27DD1D48006FECC5 /* coffee-app */,
			);
		};
/* End PBXProject section */

/* Begin PBXResourcesBuildPhase section */
		1F2D13EC27DD1D48006FECC5 /* Resources */ = {
			isa = PBXResourcesBuildPhase;
			buildActionMask = 2147483647;
			files = (
				1F2D13FE27DD1D49006FECC5 /* LaunchScreen.storyboard in Resources */,
				1F2D13FB27DD1D49006FECC5 /* Assets.xcassets in Resources */,
			);
			runOnlyForDeploymentPostprocessing = 0;
		};
/* End PBXResourcesBuildPhase section */

/* Begin PBXShellScriptBuildPhase section */
		A37693B52BC4619C12E2EA5C /* [CP] Embed Pods Frameworks */ = {
			isa = PBXShellScriptBuildPhase;
			buildActionMask = 2147483647;
			files = (
			);
			inputFileListPaths = (
				"${PODS_ROOT}/Target Support Files/Pods-coffee-app/Pods-coffee-app-frameworks-${CONFIGURATION}-input-files.xcfilelist",
			);
			name = "[CP] Embed Pods Frameworks";
			outputFileListPaths = (
				"${PODS_ROOT}/Target Support Files/Pods-coffee-app/Pods-coffee-app-frameworks-${CONFIGURATION}-output-files.xcfilelist",
			);
			runOnlyForDeploymentPostprocessing = 0;
			shellPath = /bin/sh;
			shellScript = "\"${PODS_ROOT}/Target Support Files/Pods-coffee-app/Pods-coffee-app-frameworks.sh\"\n";
			showEnvVarsInLog = 0;
		};
		A511780718EACEB0D314349B /* [CP] Check Pods Manifest.lock */ = {
			isa = PBXShellScriptBuildPhase;
			buildActionMask = 2147483647;
			files = (
			);
			inputFileListPaths = (
			);
			inputPaths = (
				"${PODS_PODFILE_DIR_PATH}/Podfile.lock",
				"${PODS_ROOT}/Manifest.lock",
			);
			name = "[CP] Check Pods Manifest.lock";
			outputFileListPaths = (
			);
			outputPaths = (
				"$(DERIVED_FILE_DIR)/Pods-coffee-app-checkManifestLockResult.txt",
			);
			runOnlyForDeploymentPostprocessing = 0;
			shellPath = /bin/sh;
			shellScript = "diff \"${PODS_PODFILE_DIR_PATH}/Podfile.lock\" \"${PODS_ROOT}/Manifest.lock\" > /dev/null\nif [ $? != 0 ] ; then\n    # print error to STDERR\n    echo \"error: The sandbox is not in sync with the Podfile.lock. Run 'pod install' or update your CocoaPods installation.\" >&2\n    exit 1\nfi\n# This output is used by Xcode 'outputs' to avoid re-running this script phase.\necho \"SUCCESS\" > \"${SCRIPT_OUTPUT_FILE_0}\"\n";
			showEnvVarsInLog = 0;
		};
/* End PBXShellScriptBuildPhase section */

/* Begin PBXSourcesBuildPhase section */
		1F2D13EA27DD1D48006FECC5 /* Sources */ = {
			isa = PBXSourcesBuildPhase;
			buildActionMask = 2147483647;
			files = (
				1FDE544327EF84400024DC30 /* BasketViewController.swift in Sources */,
				1FDE544A27EF85C10024DC30 /* BasketCell.swift in Sources */,
				1FD07BA527E4D4D000E92A3A /* Coffee.swift in Sources */,
				1FDE544027EF77C40024DC30 /* OrderModel.swift in Sources */,
				1F421BF627E8E47A009C2D0B /* CoffeeDetailViewController.swift in Sources */,
				1F2D13F627DD1D48006FECC5 /* ViewController.swift in Sources */,
				1FB670D227F5D6C800A58F3A /* Networking.swift in Sources */,
				1F17611A27F4E3F500C8E298 /* Address.swift in Sources */,
				1F97FC6027F074470043A606 /* LocationViewController.swift in Sources */,
				1F2D13F227DD1D48006FECC5 /* AppDelegate.swift in Sources */,
				1F97FC6427F079520043A606 /* AddressCell.swift in Sources */,
				1FB670D427F5E71D00A58F3A /* RegisterViewController.swift in Sources */,
				1F0E8AF727DE83CB006BE458 /* CoffeeCell.swift in Sources */,
				1F2D140627DD280A006FECC5 /* UIElements.swift in Sources */,
				1F17611827F4CDF200C8E298 /* LoginViewController.swift in Sources */,
				1F2D13F427DD1D48006FECC5 /* SceneDelegate.swift in Sources */,
			);
			runOnlyForDeploymentPostprocessing = 0;
		};
/* End PBXSourcesBuildPhase section */

/* Begin PBXVariantGroup section */
		1F2D13FC27DD1D49006FECC5 /* LaunchScreen.storyboard */ = {
			isa = PBXVariantGroup;
			children = (
				1F2D13FD27DD1D49006FECC5 /* Base */,
			);
			name = LaunchScreen.storyboard;
			sourceTree = "<group>";
		};
/* End PBXVariantGroup section */

/* Begin XCBuildConfiguration section */
		1F2D140027DD1D49006FECC5 /* Debug */ = {
			isa = XCBuildConfiguration;
			buildSettings = {
				ALWAYS_SEARCH_USER_PATHS = NO;
				CLANG_ANALYZER_NONNULL = YES;
				CLANG_ANALYZER_NUMBER_OBJECT_CONVERSION = YES_AGGRESSIVE;
				CLANG_CXX_LANGUAGE_STANDARD = "gnu++17";
				CLANG_CXX_LIBRARY = "libc++";
				CLANG_ENABLE_MODULES = YES;
				CLANG_ENABLE_OBJC_ARC = YES;
				CLANG_ENABLE_OBJC_WEAK = YES;
				CLANG_WARN_BLOCK_CAPTURE_AUTORELEASING = YES;
				CLANG_WARN_BOOL_CONVERSION = YES;
				CLANG_WARN_COMMA = YES;
				CLANG_WARN_CONSTANT_CONVERSION = YES;
				CLANG_WARN_DEPRECATED_OBJC_IMPLEMENTATIONS = YES;
				CLANG_WARN_DIRECT_OBJC_ISA_USAGE = YES_ERROR;
				CLANG_WARN_DOCUMENTATION_COMMENTS = YES;
				CLANG_WARN_EMPTY_BODY = YES;
				CLANG_WARN_ENUM_CONVERSION = YES;
				CLANG_WARN_INFINITE_RECURSION = YES;
				CLANG_WARN_INT_CONVERSION = YES;
				CLANG_WARN_NON_LITERAL_NULL_CONVERSION = YES;
				CLANG_WARN_OBJC_IMPLICIT_RETAIN_SELF = YES;
				CLANG_WARN_OBJC_LITERAL_CONVERSION = YES;
				CLANG_WARN_OBJC_ROOT_CLASS = YES_ERROR;
				CLANG_WARN_QUOTED_INCLUDE_IN_FRAMEWORK_HEADER = YES;
				CLANG_WARN_RANGE_LOOP_ANALYSIS = YES;
				CLANG_WARN_STRICT_PROTOTYPES = YES;
				CLANG_WARN_SUSPICIOUS_MOVE = YES;
				CLANG_WARN_UNGUARDED_AVAILABILITY = YES_AGGRESSIVE;
				CLANG_WARN_UNREACHABLE_CODE = YES;
				CLANG_WARN__DUPLICATE_METHOD_MATCH = YES;
				COPY_PHASE_STRIP = NO;
				DEBUG_INFORMATION_FORMAT = dwarf;
				ENABLE_STRICT_OBJC_MSGSEND = YES;
				ENABLE_TESTABILITY = YES;
				GCC_C_LANGUAGE_STANDARD = gnu11;
				GCC_DYNAMIC_NO_PIC = NO;
				GCC_NO_COMMON_BLOCKS = YES;
				GCC_OPTIMIZATION_LEVEL = 0;
				GCC_PREPROCESSOR_DEFINITIONS = (
					"DEBUG=1",
					"$(inherited)",
				);
				GCC_WARN_64_TO_32_BIT_CONVERSION = YES;
				GCC_WARN_ABOUT_RETURN_TYPE = YES_ERROR;
				GCC_WARN_UNDECLARED_SELECTOR = YES;
				GCC_WARN_UNINITIALIZED_AUTOS = YES_AGGRESSIVE;
				GCC_WARN_UNUSED_FUNCTION = YES;
				GCC_WARN_UNUSED_VARIABLE = YES;
				IPHONEOS_DEPLOYMENT_TARGET = 15.0;
				MTL_ENABLE_DEBUG_INFO = INCLUDE_SOURCE;
				MTL_FAST_MATH = YES;
				ONLY_ACTIVE_ARCH = YES;
				SDKROOT = iphoneos;
				SWIFT_ACTIVE_COMPILATION_CONDITIONS = DEBUG;
				SWIFT_OPTIMIZATION_LEVEL = "-Onone";
			};
			name = Debug;
		};
		1F2D140127DD1D49006FECC5 /* Release */ = {
			isa = XCBuildConfiguration;
			buildSettings = {
				ALWAYS_SEARCH_USER_PATHS = NO;
				CLANG_ANALYZER_NONNULL = YES;
				CLANG_ANALYZER_NUMBER_OBJECT_CONVERSION = YES_AGGRESSIVE;
				CLANG_CXX_LANGUAGE_STANDARD = "gnu++17";
				CLANG_CXX_LIBRARY = "libc++";
				CLANG_ENABLE_MODULES = YES;
				CLANG_ENABLE_OBJC_ARC = YES;
				CLANG_ENABLE_OBJC_WEAK = YES;
				CLANG_WARN_BLOCK_CAPTURE_AUTORELEASING = YES;
				CLANG_WARN_BOOL_CONVERSION = YES;
				CLANG_WARN_COMMA = YES;
				CLANG_WARN_CONSTANT_CONVERSION = YES;
				CLANG_WARN_DEPRECATED_OBJC_IMPLEMENTATIONS = YES;
				CLANG_WARN_DIRECT_OBJC_ISA_USAGE = YES_ERROR;
				CLANG_WARN_DOCUMENTATION_COMMENTS = YES;
				CLANG_WARN_EMPTY_BODY = YES;
				CLANG_WARN_ENUM_CONVERSION = YES;
				CLANG_WARN_INFINITE_RECURSION = YES;
				CLANG_WARN_INT_CONVERSION = YES;
				CLANG_WARN_NON_LITERAL_NULL_CONVERSION = YES;
				CLANG_WARN_OBJC_IMPLICIT_RETAIN_SELF = YES;
				CLANG_WARN_OBJC_LITERAL_CONVERSION = YES;
				CLANG_WARN_OBJC_ROOT_CLASS = YES_ERROR;
				CLANG_WARN_QUOTED_INCLUDE_IN_FRAMEWORK_HEADER = YES;
				CLANG_WARN_RANGE_LOOP_ANALYSIS = YES;
				CLANG_WARN_STRICT_PROTOTYPES = YES;
				CLANG_WARN_SUSPICIOUS_MOVE = YES;
				CLANG_WARN_UNGUARDED_AVAILABILITY = YES_AGGRESSIVE;
				CLANG_WARN_UNREACHABLE_CODE = YES;
				CLANG_WARN__DUPLICATE_METHOD_MATCH = YES;
				COPY_PHASE_STRIP = NO;
				DEBUG_INFORMATION_FORMAT = "dwarf-with-dsym";
				ENABLE_NS_ASSERTIONS = NO;
				ENABLE_STRICT_OBJC_MSGSEND = YES;
				GCC_C_LANGUAGE_STANDARD = gnu11;
				GCC_NO_COMMON_BLOCKS = YES;
				GCC_WARN_64_TO_32_BIT_CONVERSION = YES;
				GCC_WARN_ABOUT_RETURN_TYPE = YES_ERROR;
				GCC_WARN_UNDECLARED_SELECTOR = YES;
				GCC_WARN_UNINITIALIZED_AUTOS = YES_AGGRESSIVE;
				GCC_WARN_UNUSED_FUNCTION = YES;
				GCC_WARN_UNUSED_VARIABLE = YES;
				IPHONEOS_DEPLOYMENT_TARGET = 15.0;
				MTL_ENABLE_DEBUG_INFO = NO;
				MTL_FAST_MATH = YES;
				SDKROOT = iphoneos;
				SWIFT_COMPILATION_MODE = wholemodule;
				SWIFT_OPTIMIZATION_LEVEL = "-O";
				VALIDATE_PRODUCT = YES;
			};
			name = Release;
		};
		1F2D140327DD1D49006FECC5 /* Debug */ = {
			isa = XCBuildConfiguration;
			baseConfigurationReference = EA25D716E799AD545A9E6F88 /* Pods-coffee-app.debug.xcconfig */;
			buildSettings = {
				ASSETCATALOG_COMPILER_APPICON_NAME = AppIcon;
				ASSETCATALOG_COMPILER_GLOBAL_ACCENT_COLOR_NAME = AccentColor;
				CODE_SIGN_STYLE = Automatic;
				CURRENT_PROJECT_VERSION = 1;
				DEVELOPMENT_TEAM = 2W63TMHRPL;
				GENERATE_INFOPLIST_FILE = YES;
				INFOPLIST_FILE = "coffee-app/Info.plist";
				INFOPLIST_KEY_UIApplicationSupportsIndirectInputEvents = YES;
				INFOPLIST_KEY_UILaunchStoryboardName = LaunchScreen;
				INFOPLIST_KEY_UISupportedInterfaceOrientations_iPad = "UIInterfaceOrientationPortrait UIInterfaceOrientationPortraitUpsideDown UIInterfaceOrientationLandscapeLeft UIInterfaceOrientationLandscapeRight";
				INFOPLIST_KEY_UISupportedInterfaceOrientations_iPhone = "UIInterfaceOrientationPortrait UIInterfaceOrientationLandscapeLeft UIInterfaceOrientationLandscapeRight";
				LD_RUNPATH_SEARCH_PATHS = (
					"$(inherited)",
					"@executable_path/Frameworks",
				);
				MARKETING_VERSION = 1.0;
				PRODUCT_BUNDLE_IDENTIFIER = "lashmanov.coffee-app";
				PRODUCT_NAME = "$(TARGET_NAME)";
				SWIFT_EMIT_LOC_STRINGS = YES;
				SWIFT_VERSION = 5.0;
				TARGETED_DEVICE_FAMILY = "1,2";
			};
			name = Debug;
		};
		1F2D140427DD1D49006FECC5 /* Release */ = {
			isa = XCBuildConfiguration;
			baseConfigurationReference = 07314ED6FCF293B40E572289 /* Pods-coffee-app.release.xcconfig */;
			buildSettings = {
				ASSETCATALOG_COMPILER_APPICON_NAME = AppIcon;
				ASSETCATALOG_COMPILER_GLOBAL_ACCENT_COLOR_NAME = AccentColor;
				CODE_SIGN_STYLE = Automatic;
				CURRENT_PROJECT_VERSION = 1;
				DEVELOPMENT_TEAM = 2W63TMHRPL;
				GENERATE_INFOPLIST_FILE = YES;
				INFOPLIST_FILE = "coffee-app/Info.plist";
				INFOPLIST_KEY_UIApplicationSupportsIndirectInputEvents = YES;
				INFOPLIST_KEY_UILaunchStoryboardName = LaunchScreen;
				INFOPLIST_KEY_UISupportedInterfaceOrientations_iPad = "UIInterfaceOrientationPortrait UIInterfaceOrientationPortraitUpsideDown UIInterfaceOrientationLandscapeLeft UIInterfaceOrientationLandscapeRight";
				INFOPLIST_KEY_UISupportedInterfaceOrientations_iPhone = "UIInterfaceOrientationPortrait UIInterfaceOrientationLandscapeLeft UIInterfaceOrientationLandscapeRight";
				LD_RUNPATH_SEARCH_PATHS = (
					"$(inherited)",
					"@executable_path/Frameworks",
				);
				MARKETING_VERSION = 1.0;
				PRODUCT_BUNDLE_IDENTIFIER = "lashmanov.coffee-app";
				PRODUCT_NAME = "$(TARGET_NAME)";
				SWIFT_EMIT_LOC_STRINGS = YES;
				SWIFT_VERSION = 5.0;
				TARGETED_DEVICE_FAMILY = "1,2";
			};
			name = Release;
		};
/* End XCBuildConfiguration section */

/* Begin XCConfigurationList section */
		1F2D13E927DD1D48006FECC5 /* Build configuration list for PBXProject "coffee-app" */ = {
			isa = XCConfigurationList;
			buildConfigurations = (
				1F2D140027DD1D49006FECC5 /* Debug */,
				1F2D140127DD1D49006FECC5 /* Release */,
			);
			defaultConfigurationIsVisible = 0;
			defaultConfigurationName = Release;
		};
		1F2D140227DD1D49006FECC5 /* Build configuration list for PBXNativeTarget "coffee-app" */ = {
			isa = XCConfigurationList;
			buildConfigurations = (
				1F2D140327DD1D49006FECC5 /* Debug */,
				1F2D140427DD1D49006FECC5 /* Release */,
			);
			defaultConfigurationIsVisible = 0;
			defaultConfigurationName = Release;
		};
/* End XCConfigurationList section */
	};
	rootObject = 1F2D13E627DD1D48006FECC5 /* Project object */;
}
